
Microsoft Visual Studio Solution File, Format Version 12.00
# Visual Studio 15
VisualStudioVersion = 15.0.28307.1231
MinimumVisualStudioVersion = 10.0.40219.1
Project("{FAE04EC0-301F-11D3-BF4B-00C04F79EFBC}") = "LiveChartSample", "LiveChartSample\LiveChartSample.csproj", "{237706CE-2A65-4315-8425-64A37F0BA8B3}"
EndProject
Global
	GlobalSection(SolutionConfigurationPlatforms) = preSolution
		Debug|Any CPU = Debug|Any CPU
		Release|Any CPU = Release|Any CPU
	EndGlobalSection
	GlobalSection(ProjectConfigurationPlatforms) = postSolution
		{237706CE-2A65-4315-8425-64A37F0BA8B3}.Debug|Any CPU.ActiveCfg = Debug|Any CPU
		{237706CE-2A65-4315-8425-64A37F0BA8B3}.Debug|Any CPU.Build.0 = Debug|Any CPU
		{237706CE-2A65-4315-8425-64A37F0BA8B3}.Release|Any CPU.ActiveCfg = Release|Any CPU
		{237706CE-2A65-4315-8425-64A37F0BA8B3}.Release|Any CPU.Build.0 = Release|Any CPU
	EndGlobalSection
	GlobalSection(SolutionProperties) = preSolution
		HideSolutionNode = FALSE
	EndGlobalSection
	GlobalSection(ExtensibilityGlobals) = postSolution
		SolutionGuid = {1EADBB7A-4282-42F1-A936-5780F8875777}
	EndGlobalSection
EndGlobal
